
Microsoft Visual Studio Solution File, Format Version 12.00
# Visual Studio Version 17
VisualStudioVersion = 17.8.34511.84
MinimumVisualStudioVersion = 10.0.40219.1
Project("{FAE04EC0-301F-11D3-BF4B-00C04F79EFBC}") = "BookApp", "BookApp\BookApp.csproj", "{2BA03E42-CFA3-4252-A501-B9D19B5AC83E}"
EndProject
Global
	GlobalSection(SolutionConfigurationPlatforms) = preSolution
		Debug|Any CPU = Debug|Any CPU
		Release|Any CPU = Release|Any CPU
	EndGlobalSection
	GlobalSection(ProjectConfigurationPlatforms) = postSolution
		{2BA03E42-CFA3-4252-A501-B9D19B5AC83E}.Debug|Any CPU.ActiveCfg = Debug|Any CPU
		{2BA03E42-CFA3-4252-A501-B9D19B5AC83E}.Debug|Any CPU.Build.0 = Debug|Any CPU
		{2BA03E42-CFA3-4252-A501-B9D19B5AC83E}.Release|Any CPU.ActiveCfg = Release|Any CPU
		{2BA03E42-CFA3-4252-A501-B9D19B5AC83E}.Release|Any CPU.Build.0 = Release|Any CPU
	EndGlobalSection
	GlobalSection(SolutionProperties) = preSolution
		HideSolutionNode = FALSE
	EndGlobalSection
	GlobalSection(ExtensibilityGlobals) = postSolution
		SolutionGuid = {7977BC5E-3ABC-4BE3-B08C-2CD2A42D6886}
	EndGlobalSection
EndGlobal
